<?xml version="1.0" encoding="utf-8"?>
<Project ToolsVersion="4.0" xmlns="http://schemas.microsoft.com/developer/msbuild/2003">
  <ItemGroup>
    <Filter Include="Source Files">
      <UniqueIdentifier>{4FC737F1-C7A5-4376-A066-2A32D752A2FF}</UniqueIdentifier>
      <Extensions>cpp;c;cc;cxx;def;odl;idl;hpj;bat;asm;asmx</Extensions>
    </Filter>
    <Filter Include="Header Files">
      <UniqueIdentifier>{93995380-89BD-4b04-88EB-625FBE52EBFB}</UniqueIdentifier>
      <Extensions>h;hh;hpp;hxx;hm;inl;inc;ipp;xsd</Extensions>
    </Filter>
    <Filter Include="Resource Files">
      <UniqueIdentifier>{67DA6AB6-F800-4c08-8B7A-83BB121AAD01}</UniqueIdentifier>
      <Extensions>rc;ico;cur;bmp;dlg;rc2;rct;bin;rgs;gif;jpg;jpeg;jpe;resx;tiff;tif;png;wav;mfcribbon-ms</Extensions>
    </Filter>
  </ItemGroup>
  <ItemGroup>
    <ClInclude Include="src\audio\local_audio.h">
      <Filter>Header Files</Filter>
    </ClInclude>
    <ClInclude Include="src\helpers\utils.h">
      <Filter>Header Files</Filter>
    </ClInclude>
    <ClInclude Include="src\json\cJSON.h">
      <Filter>Header Files</Filter>
    </ClInclude>
    <ClInclude Include="src\json\cJSON_Utils.h">
      <Filter>Header Files</Filter>
    </ClInclude>
    <ClInclude Include="src\pipeline\pipeline.h">
      <Filter>Header Files</Filter>
    </ClInclude>
    <ClInclude Include="src\ringbuffer\ringb.h">
      <Filter>Header Files</Filter>
    </ClInclude>
    <ClInclude Include="src\server\server.h">
      <Filter>Header Files</Filter>
    </ClInclude>
    <ClInclude Include="src\radio\hw_control.h">
      <Filter>Header Files</Filter>
    </ClInclude>
    <ClInclude Include="src\common\include.h">
      <Filter>Header Files</Filter>
    </ClInclude>
    <ClInclude Include="src\radio\udp_reader.h">
      <Filter>Header Files</Filter>
    </ClInclude>
    <ClInclude Include="src\radio\udp_writer.h">
      <Filter>Header Files</Filter>
    </ClInclude>
    <ClInclude Include="src\radio\cc_in.h">
      <Filter>Header Files</Filter>
    </ClInclude>
    <ClInclude Include="src\radio\cc_out.h">
      <Filter>Header Files</Filter>
    </ClInclude>
    <ClInclude Include="src\common\radio_defs.h">
      <Filter>Header Files</Filter>
    </ClInclude>
    <ClInclude Include="src\radio\seq_proc.h">
      <Filter>Header Files</Filter>
    </ClInclude>
    <ClInclude Include="src\radio\decoder.h">
      <Filter>Header Files</Filter>
    </ClInclude>
    <ClInclude Include="src\radio\encoder.h">
      <Filter>Header Files</Filter>
    </ClInclude>
    <ClInclude Include="src\server\dsp_man.h">
      <Filter>Header Files</Filter>
    </ClInclude>
    <ClInclude Include="src\radio\sockets.h">
      <Filter>Header Files</Filter>
    </ClInclude>
    <ClInclude Include="src\common\defs.h">
      <Filter>Header Files</Filter>
    </ClInclude>
  </ItemGroup>
  <ItemGroup>
    <ClCompile Include="src\audio\local_audio.c">
      <Filter>Source Files</Filter>
    </ClCompile>
    <ClCompile Include="src\helpers\utils.c">
      <Filter>Source Files</Filter>
    </ClCompile>
    <ClCompile Include="src\json\cJSON.c">
      <Filter>Source Files</Filter>
    </ClCompile>
    <ClCompile Include="src\json\cJSON_Utils.c">
      <Filter>Source Files</Filter>
    </ClCompile>
    <ClCompile Include="src\pipeline\pipeline.c">
      <Filter>Source Files</Filter>
    </ClCompile>
    <ClCompile Include="src\ringbuffer\ringb.c">
      <Filter>Source Files</Filter>
    </ClCompile>
    <ClCompile Include="src\server\server.c">
      <Filter>Source Files</Filter>
    </ClCompile>
    <ClCompile Include="src\radio\hw_control.c">
      <Filter>Source Files</Filter>
    </ClCompile>
    <ClCompile Include="src\radio\udp_reader.c">
      <Filter>Source Files</Filter>
    </ClCompile>
    <ClCompile Include="src\radio\udp_writer.c">
      <Filter>Source Files</Filter>
    </ClCompile>
    <ClCompile Include="src\radio\cc_in.c">
      <Filter>Source Files</Filter>
    </ClCompile>
    <ClCompile Include="src\radio\cc_out.c">
      <Filter>Source Files</Filter>
    </ClCompile>
    <ClCompile Include="src\radio\seq_proc.c">
      <Filter>Source Files</Filter>
    </ClCompile>
    <ClCompile Include="src\radio\decoder.c">
      <Filter>Source Files</Filter>
    </ClCompile>
    <ClCompile Include="src\radio\encoder.c">
      <Filter>Source Files</Filter>
    </ClCompile>
    <ClCompile Include="src\radio\radio_defs.c">
      <Filter>Source Files</Filter>
    </ClCompile>
    <ClCompile Include="src\server\dsp_man.c">
      <Filter>Source Files</Filter>
    </ClCompile>
    <ClCompile Include="src\radio\sockets.c">
      <Filter>Source Files</Filter>
    </ClCompile>
  </ItemGroup>
</Project>